
Microsoft Visual Studio Solution File, Format Version 12.00
# Visual Studio 14
VisualStudioVersion = 14.0.25420.1
MinimumVisualStudioVersion = 10.0.40219.1
Project("{FAE04EC0-301F-11D3-BF4B-00C04F79EFBC}") = "estoque2017", "estoque2017\estoque2017.csproj", "{0122FFE2-A28D-481A-A70E-CF53F72470CF}"
EndProject
Project("{FAE04EC0-301F-11D3-BF4B-00C04F79EFBC}") = "br.com.estoque2017.model", "br.com.estoque207.model\br.com.estoque2017.model.csproj", "{90E96F49-251E-456F-A76D-AFD352A2BB21}"
EndProject
Project("{FAE04EC0-301F-11D3-BF4B-00C04F79EFBC}") = "br.com.estoque2017.aplicacao", "br.com.estoque2017.aplicacao\br.com.estoque2017.aplicacao.csproj", "{7BE38E87-A1BC-4D46-8EAD-CD29B165800A}"
EndProject
Project("{FAE04EC0-301F-11D3-BF4B-00C04F79EFBC}") = "br.com.estoque2017.dao", "br.com.estoque2017.dao\br.com.estoque2017.dao.csproj", "{701D01A6-0343-4275-B787-404E1DE6ACA9}"
EndProject
Global
	GlobalSection(SolutionConfigurationPlatforms) = preSolution
		Debug|Any CPU = Debug|Any CPU
		Release|Any CPU = Release|Any CPU
	EndGlobalSection
	GlobalSection(ProjectConfigurationPlatforms) = postSolution
		{0122FFE2-A28D-481A-A70E-CF53F72470CF}.Debug|Any CPU.ActiveCfg = Debug|Any CPU
		{0122FFE2-A28D-481A-A70E-CF53F72470CF}.Debug|Any CPU.Build.0 = Debug|Any CPU
		{0122FFE2-A28D-481A-A70E-CF53F72470CF}.Release|Any CPU.ActiveCfg = Release|Any CPU
		{0122FFE2-A28D-481A-A70E-CF53F72470CF}.Release|Any CPU.Build.0 = Release|Any CPU
		{90E96F49-251E-456F-A76D-AFD352A2BB21}.Debug|Any CPU.ActiveCfg = Debug|Any CPU
		{90E96F49-251E-456F-A76D-AFD352A2BB21}.Debug|Any CPU.Build.0 = Debug|Any CPU
		{90E96F49-251E-456F-A76D-AFD352A2BB21}.Release|Any CPU.ActiveCfg = Release|Any CPU
		{90E96F49-251E-456F-A76D-AFD352A2BB21}.Release|Any CPU.Build.0 = Release|Any CPU
		{7BE38E87-A1BC-4D46-8EAD-CD29B165800A}.Debug|Any CPU.ActiveCfg = Debug|Any CPU
		{7BE38E87-A1BC-4D46-8EAD-CD29B165800A}.Debug|Any CPU.Build.0 = Debug|Any CPU
		{7BE38E87-A1BC-4D46-8EAD-CD29B165800A}.Release|Any CPU.ActiveCfg = Release|Any CPU
		{7BE38E87-A1BC-4D46-8EAD-CD29B165800A}.Release|Any CPU.Build.0 = Release|Any CPU
		{701D01A6-0343-4275-B787-404E1DE6ACA9}.Debug|Any CPU.ActiveCfg = Debug|Any CPU
		{701D01A6-0343-4275-B787-404E1DE6ACA9}.Debug|Any CPU.Build.0 = Debug|Any CPU
		{701D01A6-0343-4275-B787-404E1DE6ACA9}.Release|Any CPU.ActiveCfg = Release|Any CPU
		{701D01A6-0343-4275-B787-404E1DE6ACA9}.Release|Any CPU.Build.0 = Release|Any CPU
	EndGlobalSection
	GlobalSection(SolutionProperties) = preSolution
		HideSolutionNode = FALSE
	EndGlobalSection
EndGlobal
